# THIS IS AN AUTOGENERATED FILE. DO NOT EDIT THIS FILE DIRECTLY.
# yarn lockfile v1


bobril@*, bobril@^14.1.1:
  version "14.1.1"
  resolved "https://registry.yarnpkg.com/bobril/-/bobril-14.1.1.tgz#51fc3a0f0927b5ccb7b89377d776ac6c7f5e8cdf"
  integrity sha512-4c3lcdfqKOvKamnBEI4eITvMq2AzbAdZFlIRZti2asKa4Mr/RoX10QB7Yh9bDMsDYsDQAfdDAznLjcB4JeOKWQ==

bobx@^0.28.0:
  version "0.28.0"
  resolved "https://registry.yarnpkg.com/bobx/-/bobx-0.28.0.tgz#1edab428401a2e80c6ecbdd6c69e405be872a1c9"
  integrity sha512-lPC3/QMzWwInCRCDImaIpjqoKn1gpb7+5BucaYHuz6PprRrf1VaR2zJnFZbNiLEBRvwnNx82yPXpMZt5r9ES2w==
  dependencies:
    bobril "*"
