# THIS IS AN AUTOGENERATED FILE. DO NOT EDIT THIS FILE DIRECTLY.
# yarn lockfile v1


bobril@*:
  version "20.4.1"
  resolved "https://registry.yarnpkg.com/bobril/-/bobril-20.4.1.tgz#8e7c6c9a594eaa33110b653130f676ceb75aab85"
  integrity sha512-PRN7oJkNO1TE8MBZAjZ41uU2JRaV13EJPw2VO8UrFDU3cS457pPpVYv8eBmNf31muBgQ/Fl98VdM84E3ex00Zw==

bobx@*:
  version "1.0.8"
  resolved "https://registry.yarnpkg.com/bobx/-/bobx-1.0.8.tgz#2c892c79868f4c74b9c8f6f8786c53a3efcabc14"
  integrity sha512-pDw37B/bhWLPtBYaBFfw+7KIScPx/wQ9N/tIRpR+MyPixdk8ZBNFtnkEnFtIeTbGpTK78rrVN/ZrJd7cXsXWEw==
  dependencies:
    bobril "*"
