# THIS IS AN AUTOGENERATED FILE. DO NOT EDIT THIS FILE DIRECTLY.
# yarn lockfile v1


bobril@*:
  version "17.11.0"
  resolved "https://registry.yarnpkg.com/bobril/-/bobril-17.11.0.tgz#91b981313d081f99b113c63ca2e5a33ec2180407"
  integrity sha512-C8LpsbRB1tMpaZIw9txAdtEU53VEO/IMyZvrfiaIDJI9hE6cyk5ntCSIVPOA8L9vROraXCEBzL2oc37WIlUHkA==

monaco-editor@*:
  version "0.28.1"
  resolved "https://registry.yarnpkg.com/monaco-editor/-/monaco-editor-0.28.1.tgz#732788ff2172d59e6d436b206da8cac715413940"
  integrity sha512-P1vPqxB4B1ZFzTeR1ScggSp9/5NoQrLCq88fnlNUsuRAP1usEBN4TIpI2lw0AYIZNVIanHk0qwjze2uJwGOHUw==
