# THIS IS AN AUTOGENERATED FILE. DO NOT EDIT THIS FILE DIRECTLY.
# yarn lockfile v1


bobril@*:
  version "16.1.1"
  resolved "https://registry.yarnpkg.com/bobril/-/bobril-16.1.1.tgz#cb8bb9d812aa898fe863cf8e99da12d46902b9ca"
  integrity sha512-FA0vbvumGyq9uYE+6DukK2eJYxYvi/15+l0DMxGNkwP5WrOaOT72pvs8cVRSKCEWz2rQtq20kNg8+PWQ6DEomg==
