{
    "name": "sample",
    "version": "1.0.0",
    "lockfileVersion": 3,
    "requires": true,
    "packages": {
        "": {
            "name": "sample",
            "version": "1.0.0",
            "license": "MIT",
            "dependencies": {
                "@bobril/highlighter": "^1.0.0",
                "@bobril/mdx": "^1.0.1",
                "bobril": "*"
            },
            "devDependencies": {
                "typescript": "*"
            }
        },
        "node_modules/@bobril/highlighter": {
            "version": "1.1.2",
            "resolved": "https://registry.npmjs.org/@bobril/highlighter/-/highlighter-1.1.2.tgz",
            "integrity": "sha512-fpS6+zbyVt/TtjNkpQrwK0jfq0PtXyj3eP0SqbgdK28yoJIgnoIUEKgTEK6L1eaSLKmfBgaeQwm5H3+NkPCkSA==",
            "license": "MIT",
            "dependencies": {
                "bobril": "*",
                "highlight.js": "~11.9.0"
            }
        },
        "node_modules/@bobril/mdx": {
            "version": "1.0.1",
            "resolved": "https://registry.npmjs.org/@bobril/mdx/-/mdx-1.0.1.tgz",
            "integrity": "sha512-sDsIgGp6VP9t0Xk+Tj3XC6WNqAsnWfQKEXyrLJgwsX36BEQjjg+DbroHJw26XntVEdQUH/EAuvIk7aHS87YF6Q==",
            "license": "MIT",
            "dependencies": {
                "@bobril/highlighter": "*",
                "bobril": "*"
            }
        },
        "node_modules/bobril": {
            "version": "21.1.1",
            "resolved": "https://registry.npmjs.org/bobril/-/bobril-21.1.1.tgz",
            "integrity": "sha512-9R7smD0D1n59oFB74qpra0oR5ddiX0ClDNdfLeG6f8EL/hegJ3pF+2nNtJ33cl2G7Dumq0lgiQWuih6RTbjbEQ==",
            "license": "MIT"
        },
        "node_modules/highlight.js": {
            "version": "11.9.0",
            "resolved": "https://registry.npmjs.org/highlight.js/-/highlight.js-11.9.0.tgz",
            "integrity": "sha512-fJ7cW7fQGCYAkgv4CPfwFHrfd/cLS4Hau96JuJ+ZTOWhjnhoeN1ub1tFmALm/+lW5z4WCAuAV9bm05AP0mS6Gw==",
            "license": "BSD-3-Clause",
            "engines": {
                "node": ">=12.0.0"
            }
        },
        "node_modules/typescript": {
            "version": "5.8.2",
            "resolved": "https://registry.npmjs.org/typescript/-/typescript-5.8.2.tgz",
            "integrity": "sha512-aJn6wq13/afZp/jT9QZmwEjDqqvSGp1VT5GVg+f/t6/oVyrgXM6BY1h9BRh/O5p3PlUPAe+WuiEZOmb/49RqoQ==",
            "dev": true,
            "license": "Apache-2.0",
            "bin": {
                "tsc": "bin/tsc",
                "tsserver": "bin/tsserver"
            },
            "engines": {
                "node": ">=14.17"
            }
        }
    }
}
