{
    "name": "sample",
    "version": "1.0.0",
    "lockfileVersion": 2,
    "requires": true,
    "packages": {
        "": {
            "name": "sample",
            "version": "1.0.0",
            "license": "MIT",
            "dependencies": {
                "@bobril/mdx": "*",
                "bobril": "*"
            },
            "devDependencies": {
                "typescript": "*"
            }
        },
        "node_modules/@bobril/mdx": {
            "version": "0.2.0",
            "resolved": "https://registry.npmjs.org/@bobril/mdx/-/mdx-0.2.0.tgz",
            "integrity": "sha512-AUe6Ko6uS/Z0fIdW56ze91QIDaZu7fxTfnr4FYUVXuY6fEtKwZc60YIYXqOdEaUVCrYV3Sjx6Z507JnRp9DikA==",
            "dependencies": {
                "bobril": "*"
            }
        },
        "node_modules/bobril": {
            "version": "17.0.0",
            "resolved": "https://registry.npmjs.org/bobril/-/bobril-17.0.0.tgz",
            "integrity": "sha512-y/qHYPY61W/A27WjrGjSDZGkmwOa0M/+Vuc76nKZ73A2gVt/OzXLBn7CHlh2DoeN0SkeO7hFS/edrwHbQtCimQ=="
        },
        "node_modules/typescript": {
            "version": "4.2.3",
            "resolved": "https://registry.npmjs.org/typescript/-/typescript-4.2.3.tgz",
            "integrity": "sha512-qOcYwxaByStAWrBf4x0fibwZvMRG+r4cQoTjbPtUlrWjBHbmCAww1i448U0GJ+3cNNEtebDteo/cHOR3xJ4wEw==",
            "dev": true,
            "bin": {
                "tsc": "bin/tsc",
                "tsserver": "bin/tsserver"
            },
            "engines": {
                "node": ">=4.2.0"
            }
        }
    },
    "dependencies": {
        "@bobril/mdx": {
            "version": "0.2.0",
            "resolved": "https://registry.npmjs.org/@bobril/mdx/-/mdx-0.2.0.tgz",
            "integrity": "sha512-AUe6Ko6uS/Z0fIdW56ze91QIDaZu7fxTfnr4FYUVXuY6fEtKwZc60YIYXqOdEaUVCrYV3Sjx6Z507JnRp9DikA==",
            "requires": {
                "bobril": "*"
            }
        },
        "bobril": {
            "version": "17.0.0",
            "resolved": "https://registry.npmjs.org/bobril/-/bobril-17.0.0.tgz",
            "integrity": "sha512-y/qHYPY61W/A27WjrGjSDZGkmwOa0M/+Vuc76nKZ73A2gVt/OzXLBn7CHlh2DoeN0SkeO7hFS/edrwHbQtCimQ=="
        },
        "typescript": {
            "version": "4.2.3",
            "resolved": "https://registry.npmjs.org/typescript/-/typescript-4.2.3.tgz",
            "integrity": "sha512-qOcYwxaByStAWrBf4x0fibwZvMRG+r4cQoTjbPtUlrWjBHbmCAww1i448U0GJ+3cNNEtebDteo/cHOR3xJ4wEw==",
            "dev": true
        }
    }
}
