{
    "name": "sample",
    "version": "1.0.0",
    "lockfileVersion": 2,
    "requires": true,
    "packages": {
        "": {
            "name": "sample",
            "version": "1.0.0",
            "license": "MIT",
            "dependencies": {
                "@bobril/mdx": "*",
                "bobril": "*"
            },
            "devDependencies": {
                "typescript": "*"
            }
        },
        "node_modules/@bobril/mdx": {
            "version": "0.3.0",
            "resolved": "https://registry.npmjs.org/@bobril/mdx/-/mdx-0.3.0.tgz",
            "integrity": "sha512-QoiNes3qDnOCA7H8yqY/H4w+RBI9ZoxD+r3z952CdjcgvCw7Oxeu64ZPm7v/PUenZ7Q49sf1fekORMaDdgM4fQ==",
            "dependencies": {
                "bobril": "*"
            }
        },
        "node_modules/bobril": {
            "version": "17.0.0",
            "resolved": "https://registry.npmjs.org/bobril/-/bobril-17.0.0.tgz",
            "integrity": "sha512-y/qHYPY61W/A27WjrGjSDZGkmwOa0M/+Vuc76nKZ73A2gVt/OzXLBn7CHlh2DoeN0SkeO7hFS/edrwHbQtCimQ=="
        },
        "node_modules/typescript": {
            "version": "4.2.4",
            "resolved": "https://registry.npmjs.org/typescript/-/typescript-4.2.4.tgz",
            "integrity": "sha512-V+evlYHZnQkaz8TRBuxTA92yZBPotr5H+WhQ7bD3hZUndx5tGOa1fuCgeSjxAzM1RiN5IzvadIXTVefuuwZCRg==",
            "dev": true,
            "bin": {
                "tsc": "bin/tsc",
                "tsserver": "bin/tsserver"
            },
            "engines": {
                "node": ">=4.2.0"
            }
        }
    },
    "dependencies": {
        "@bobril/mdx": {
            "version": "0.3.0",
            "resolved": "https://registry.npmjs.org/@bobril/mdx/-/mdx-0.3.0.tgz",
            "integrity": "sha512-QoiNes3qDnOCA7H8yqY/H4w+RBI9ZoxD+r3z952CdjcgvCw7Oxeu64ZPm7v/PUenZ7Q49sf1fekORMaDdgM4fQ==",
            "requires": {
                "bobril": "*"
            }
        },
        "bobril": {
            "version": "17.0.0",
            "resolved": "https://registry.npmjs.org/bobril/-/bobril-17.0.0.tgz",
            "integrity": "sha512-y/qHYPY61W/A27WjrGjSDZGkmwOa0M/+Vuc76nKZ73A2gVt/OzXLBn7CHlh2DoeN0SkeO7hFS/edrwHbQtCimQ=="
        },
        "typescript": {
            "version": "4.2.4",
            "resolved": "https://registry.npmjs.org/typescript/-/typescript-4.2.4.tgz",
            "integrity": "sha512-V+evlYHZnQkaz8TRBuxTA92yZBPotr5H+WhQ7bD3hZUndx5tGOa1fuCgeSjxAzM1RiN5IzvadIXTVefuuwZCRg==",
            "dev": true
        }
    }
}
