# THIS IS AN AUTOGENERATED FILE. DO NOT EDIT THIS FILE DIRECTLY.
# yarn lockfile v1


bobril-g11n@^4.4.1:
  version "4.4.1"
  resolved "https://registry.yarnpkg.com/bobril-g11n/-/bobril-g11n-4.4.1.tgz#4b43684a13cd8f8b1707a4bede837ec6bc82c939"
  integrity sha512-XmqpVX1mCBgAvBnQuRFInoiOJSqEcwRybUwA/lEhoMMbMr16uW0C6NXOiyy5OCy6MBMI0NEtbqc05r4zjKegiQ==
  dependencies:
    moment "^2.10.6"

bobril@^9.9.0:
  version "9.9.0"
  resolved "https://registry.yarnpkg.com/bobril/-/bobril-9.9.0.tgz#03683bff045376181feab92fd1d37b9001f0c069"
  integrity sha512-Y2A3rj7Dxj318JqTurpEH+Oxxyw7JVujKW0sempf/RFKWwu9wYlZ88axVdl6/jOF0gE3AtRSUUsUZRWLGPG87Q==

moment@^2.10.6:
  version "2.29.4"
  resolved "https://registry.yarnpkg.com/moment/-/moment-2.29.4.tgz#3dbe052889fe7c1b2ed966fcb3a77328964ef108"
  integrity sha512-5LC9SOxjSc2HF6vO2CyuTDNivEdoz2IvyJJGj6X8DJ0eFyfszE0QiEd+iXmBvUP3WHxSjFH/vIsA0EN00cgr8w==
