# THIS IS AN AUTOGENERATED FILE. DO NOT EDIT THIS FILE DIRECTLY.
# yarn lockfile v1


monaco-editor@^0.50.0:
  version "0.50.0"
  resolved "https://registry.yarnpkg.com/monaco-editor/-/monaco-editor-0.50.0.tgz#44e62b124c8aed224e1d310bbbe6ffd6d5122413"
  integrity sha512-8CclLCmrRRh+sul7C08BmPBP3P8wVWfBHomsTcndxg5NRCEPfu/mc2AGU8k37ajjDVXcXFc12ORAMUkmk+lkFA==
