# THIS IS AN AUTOGENERATED FILE. DO NOT EDIT THIS FILE DIRECTLY.
# yarn lockfile v1


bobril-g11n@*:
  version "5.0.0"
  resolved "https://registry.yarnpkg.com/bobril-g11n/-/bobril-g11n-5.0.0.tgz#4d4341fda018138caedb4611ecf9f27a7c7b7a40"
  integrity sha512-zuQOeZLSz0+ZeTw+daj3T41zVnVkXnlDyR6shKiFL/5wZrU+2CE9Du9QoAHHyIniVF4AompfGldbcs0XVneqHQ==
  dependencies:
    bobril "*"
    moment "^2.10.6"

bobril@*:
  version "14.14.0"
  resolved "https://registry.yarnpkg.com/bobril/-/bobril-14.14.0.tgz#67a1f5555f25a603cb9c9e71692641097f2779e1"
  integrity sha512-bG5dBTIpeiYeaxia8R1AMtXoyoc3acpslw5TSi3jnhX1YxAEsR8wK1a3G58cJ04SQzsN+5KJN+i5PY4OffyR4g==

bobx@*:
  version "0.28.0"
  resolved "https://registry.yarnpkg.com/bobx/-/bobx-0.28.0.tgz#1edab428401a2e80c6ecbdd6c69e405be872a1c9"
  integrity sha512-lPC3/QMzWwInCRCDImaIpjqoKn1gpb7+5BucaYHuz6PprRrf1VaR2zJnFZbNiLEBRvwnNx82yPXpMZt5r9ES2w==
  dependencies:
    bobril "*"

moment@^2.10.6:
  version "2.27.0"
  resolved "https://registry.yarnpkg.com/moment/-/moment-2.27.0.tgz#8bff4e3e26a236220dfe3e36de756b6ebaa0105d"
  integrity sha512-al0MUK7cpIcglMv3YF13qSgdAIqxHTO7brRtaz3DlSULbqfazqkc5kEjNrLDOM7fsjshoFIihnU8snrP7zUvhQ==
