# THIS IS AN AUTOGENERATED FILE. DO NOT EDIT THIS FILE DIRECTLY.
# yarn lockfile v1


bobril@*:
  version "17.11.0"
  resolved "https://registry.yarnpkg.com/bobril/-/bobril-17.11.0.tgz#91b981313d081f99b113c63ca2e5a33ec2180407"
  integrity sha512-C8LpsbRB1tMpaZIw9txAdtEU53VEO/IMyZvrfiaIDJI9hE6cyk5ntCSIVPOA8L9vROraXCEBzL2oc37WIlUHkA==
