# THIS IS AN AUTOGENERATED FILE. DO NOT EDIT THIS FILE DIRECTLY.
# yarn lockfile v1


bobril@*:
  version "8.15.2"
  resolved "https://registry.yarnpkg.com/bobril/-/bobril-8.15.2.tgz#c254dd1add45d3e2262d3824e02d11849fb47757"
  integrity sha512-K1fwZPBmmm0Syxm5HkGnxscAjPP1vLw2kqdSFM7eKL1Ku1oV5bilu2qihC5zDM/V/6OTKx5vzpW88nUov9Cn7A==
