# THIS IS AN AUTOGENERATED FILE. DO NOT EDIT THIS FILE DIRECTLY.
# yarn lockfile v1


bobril@^8.6.1:
  version "8.21.0"
  resolved "https://registry.yarnpkg.com/bobril/-/bobril-8.21.0.tgz#8feb9a19af5f94a872147a0ddfa154c2a453ca81"
  integrity sha512-mli2FZCd8PkA0F+v8kruuvof9t7VIYLiIO5XJNdKAyGO5gMw3tAjhKzYj71CN8YPhMySWh4TOObBXin0npChmQ==
