{
  "name": "spritebug",
  "version": "1.0.0",
  "lockfileVersion": 2,
  "requires": true,
  "packages": {
    "": {
      "name": "spritebug",
      "version": "1.0.0",
      "license": "ISC",
      "dependencies": {
        "bobril": "^20.3.1"
      }
    },
    "node_modules/bobril": {
      "version": "20.3.1",
      "resolved": "https://registry.npmjs.org/bobril/-/bobril-20.3.1.tgz",
      "integrity": "sha512-8RYTBR+X0Tt/jKOB+txIFM8zvdr4AMVjnsLi4g9gKa0MX/PJNoQB20Ryib/tFrUHYqDGgNJ08PAq1DScNWxmYQ=="
    }
  },
  "dependencies": {
    "bobril": {
      "version": "20.3.1",
      "resolved": "https://registry.npmjs.org/bobril/-/bobril-20.3.1.tgz",
      "integrity": "sha512-8RYTBR+X0Tt/jKOB+txIFM8zvdr4AMVjnsLi4g9gKa0MX/PJNoQB20Ryib/tFrUHYqDGgNJ08PAq1DScNWxmYQ=="
    }
  }
}
