{
  "name": "jsassets",
  "version": "1.0.0",
  "lockfileVersion": 2,
  "requires": true,
  "packages": {
    "": {
      "name": "jsassets",
      "version": "1.0.0",
      "license": "ISC",
      "dependencies": {
        "bobril": "^20.3.0"
      }
    },
    "node_modules/bobril": {
      "version": "20.3.0",
      "resolved": "https://registry.npmjs.org/bobril/-/bobril-20.3.0.tgz",
      "integrity": "sha512-js/3X+/m9F4+kk4JszZ2m44ytI7gIVmfz8EHtsefc1Skj0R9qL6KTy1WqauHirki00Oy8gK19z2ORUfiFwd3qg=="
    }
  },
  "dependencies": {
    "bobril": {
      "version": "20.3.0",
      "resolved": "https://registry.npmjs.org/bobril/-/bobril-20.3.0.tgz",
      "integrity": "sha512-js/3X+/m9F4+kk4JszZ2m44ytI7gIVmfz8EHtsefc1Skj0R9qL6KTy1WqauHirki00Oy8gK19z2ORUfiFwd3qg=="
    }
  }
}
