{
  "name": "buildLangDefs",
  "version": "1.0.0",
  "lockfileVersion": 1,
  "requires": true,
  "dependencies": {
    "@types/source-map": {
      "version": "0.5.2",
      "resolved": "https://registry.npmjs.org/@types/source-map/-/source-map-0.5.2.tgz",
      "integrity": "sha512-++w4WmMbk3dS3UeHGzAG+xJOSz5Xqtjys/TBkqG3qp3SeWE7Wwezqe5eB7B51cxUyh4PW7bwVotpsLdBK0D8cw==",
      "dev": true
    },
    "@types/uglify-js": {
      "version": "2.6.29",
      "resolved": "https://registry.npmjs.org/@types/uglify-js/-/uglify-js-2.6.29.tgz",
      "integrity": "sha512-BdFLCZW0GTl31AbqXSak8ss/MqEZ3DN2MH9rkAyGoTuzK7ifGUlX+u0nfbWeTsa7IPcZhtn8BlpYBXSV+vqGhQ==",
      "dev": true,
      "requires": {
        "@types/source-map": "0.5.2"
      }
    }
  }
}
