# THIS IS AN AUTOGENERATED FILE. DO NOT EDIT THIS FILE DIRECTLY.
# yarn lockfile v1


"@types/node@^8.0.53":
  version "8.0.53"
  resolved "https://registry.yarnpkg.com/@types/node/-/node-8.0.53.tgz#396b35af826fa66aad472c8cb7b8d5e277f4e6d8"

"@types/source-map@*":
  version "0.5.2"
  resolved "https://registry.yarnpkg.com/@types/source-map/-/source-map-0.5.2.tgz#973459e744cc7445c85b97f770275b479b138e08"

"@types/uglify-js@^2.6.29":
  version "2.6.29"
  resolved "https://registry.yarnpkg.com/@types/uglify-js/-/uglify-js-2.6.29.tgz#521347f69e20201d218f5991ae66e10878afcf1a"
  dependencies:
    "@types/source-map" "*"

commander@~2.12.1:
  version "2.12.2"
  resolved "https://registry.yarnpkg.com/commander/-/commander-2.12.2.tgz#0f5946c427ed9ec0d91a46bb9def53e54650e555"

make-plural@^4.1.1:
  version "4.1.1"
  resolved "https://registry.yarnpkg.com/make-plural/-/make-plural-4.1.1.tgz#5658ce9d337487077daed221854c8cef9dd75749"
  optionalDependencies:
    minimist "^1.2.0"

minimist@^1.2.0:
  version "1.2.6"
  resolved "https://registry.yarnpkg.com/minimist/-/minimist-1.2.6.tgz#8637a5b759ea0d6e98702cfb3a9283323c93af44"

moment@^2.29.4:
  version "2.29.4"
  resolved "https://registry.yarnpkg.com/moment/-/moment-2.29.4.tgz#3dbe052889fe7c1b2ed966fcb3a77328964ef108"

numeral@^2.0.6:
  version "2.0.6"
  resolved "https://registry.yarnpkg.com/numeral/-/numeral-2.0.6.tgz#4ad080936d443c2561aed9f2197efffe25f4e506"

source-map@~0.6.1:
  version "0.6.1"
  resolved "https://registry.yarnpkg.com/source-map/-/source-map-0.6.1.tgz#74722af32e9614e9c287a8d0bbde48b5e2f1a263"

uglify-js@^3.2.0:
  version "3.2.0"
  resolved "https://registry.yarnpkg.com/uglify-js/-/uglify-js-3.2.0.tgz#cb411ee4ca0e0cadbfe3a4e1a1da97e6fa0d19c1"
  dependencies:
    commander "~2.12.1"
    source-map "~0.6.1"
