# THIS IS AN AUTOGENERATED FILE. DO NOT EDIT THIS FILE DIRECTLY.
# yarn lockfile v1


"@types/node@^8.5.2":
  version "8.10.59"
  resolved "https://registry.yarnpkg.com/@types/node/-/node-8.10.59.tgz#9e34261f30183f9777017a13d185dfac6b899e04"
  integrity sha512-8RkBivJrDCyPpBXhVZcjh7cQxVBSmRk9QM7hOketZzp6Tg79c0N8kkpAIito9bnJ3HCVCHVYz+KHTEbfQNfeVQ==
