{
  "name": "bobril-build-web",
  "version": "1.0.0",
  "lockfileVersion": 1,
  "requires": true,
  "dependencies": {
    "@types/bootstrap": {
      "version": "3.3.40",
      "resolved": "https://registry.npmjs.org/@types/bootstrap/-/bootstrap-3.3.40.tgz",
      "integrity": "sha512-TNjl8YuYPxLnQxIN6MRLb7KFK9gWZu2NvcOTh6YjYvdsZK13rs+gO0LisnNguT0AyXZ0XqfFzpj/8s0/SOMEIw==",
      "requires": {
        "@types/jquery": "*"
      }
    },
    "@types/jquery": {
      "version": "3.3.29",
      "resolved": "https://registry.npmjs.org/@types/jquery/-/jquery-3.3.29.tgz",
      "integrity": "sha512-FhJvBninYD36v3k6c+bVk1DSZwh7B5Dpb/Pyk3HKVsiohn0nhbefZZ+3JXbWQhFyt0MxSl2jRDdGQPHeOHFXrQ==",
      "requires": {
        "@types/sizzle": "*"
      }
    },
    "@types/sizzle": {
      "version": "2.3.2",
      "resolved": "https://registry.npmjs.org/@types/sizzle/-/sizzle-2.3.2.tgz",
      "integrity": "sha512-7EJYyKTL7tFR8+gDbB6Wwz/arpGa0Mywk1TJbNzKzHtzbwVmY4HR9WqS5VV7dsBUKQmPNr192jHr/VpBluj/hg=="
    },
    "bobril": {
      "version": "8.17.1",
      "resolved": "https://registry.npmjs.org/bobril/-/bobril-8.17.1.tgz",
      "integrity": "sha512-RUOQ2IJFrRNXuYqQDmqTSuY9kkMO54vzH5QeY85C83uJUpob7VUVBmSohxPQKZ3G72AX13P1W22Bbj81KIAk5w=="
    },
    "bobrilstrap": {
      "version": "3.0.4",
      "resolved": "https://registry.npmjs.org/bobrilstrap/-/bobrilstrap-3.0.4.tgz",
      "integrity": "sha512-kkfWT/8IHjOcyGljawBrA97eJS5QW1PMR6gsDRmkWzcAah2g2RBe/un5SDsTf3oPQHZH78vtTb5ejzOG4JY+xQ==",
      "requires": {
        "@types/bootstrap": "^3.3.35",
        "@types/jquery": "^3.3.29",
        "bobril": "^8.17.1",
        "bootstrap": "^3.4.0",
        "bootstrap-3-typeahead": "^4.0.2",
        "jquery": "^3.3.1"
      }
    },
    "bootstrap": {
      "version": "3.4.0",
      "resolved": "https://registry.npmjs.org/bootstrap/-/bootstrap-3.4.0.tgz",
      "integrity": "sha512-F1yTDO9OHKH0xjl03DsOe8Nu1OWBIeAugGMhy3UTIYDdbbIPesQIhCEbj+HEr6wqlwweGAlP8F3OBC6kEuhFuw=="
    },
    "bootstrap-3-typeahead": {
      "version": "4.0.2",
      "resolved": "https://registry.npmjs.org/bootstrap-3-typeahead/-/bootstrap-3-typeahead-4.0.2.tgz",
      "integrity": "sha1-yxyWkESFaGIJb8jHHMIbOsu1BBI="
    },
    "jquery": {
      "version": "3.3.1",
      "resolved": "https://registry.npmjs.org/jquery/-/jquery-3.3.1.tgz",
      "integrity": "sha512-Ubldcmxp5np52/ENotGxlLe6aGMvmF4R8S6tZjsP6Knsaxd/xp3Zrh50cG93lR6nPXyUFwzN3ZSOQI0wRJNdGg=="
    }
  }
}
