{
  "name": "bobril-build-web",
  "version": "1.0.0",
  "lockfileVersion": 1,
  "requires": true,
  "dependencies": {
    "@types/bootstrap": {
      "version": "3.4.0",
      "resolved": "https://registry.npmjs.org/@types/bootstrap/-/bootstrap-3.4.0.tgz",
      "integrity": "sha512-LS05hVAAsX86qbHg7W+ydwBlNHrVCoFw6wEP3/uW4eYmRXl08bWmPeN/+onM+8qZTFfDgUlG/OItJI8SW972oQ==",
      "requires": {
        "@types/jquery": "*"
      }
    },
    "@types/bootstrap-3-typeahead": {
      "version": "4.0.1",
      "resolved": "https://registry.npmjs.org/@types/bootstrap-3-typeahead/-/bootstrap-3-typeahead-4.0.1.tgz",
      "integrity": "sha512-1TFxHxZEABxfJJQzgKLKpgcmd2KXKATv83WP7XwjQdWk0lXTXYcnWyYt7j7tQ1GrEZ0smUf7O3bQVSiRiRE+Xw==",
      "requires": {
        "@types/jquery": "*"
      }
    },
    "@types/jquery": {
      "version": "3.3.31",
      "resolved": "https://registry.npmjs.org/@types/jquery/-/jquery-3.3.31.tgz",
      "integrity": "sha512-Lz4BAJihoFw5nRzKvg4nawXPzutkv7wmfQ5121avptaSIXlDNJCUuxZxX/G+9EVidZGuO0UBlk+YjKbwRKJigg==",
      "requires": {
        "@types/sizzle": "*"
      }
    },
    "@types/sizzle": {
      "version": "2.3.2",
      "resolved": "https://registry.npmjs.org/@types/sizzle/-/sizzle-2.3.2.tgz",
      "integrity": "sha512-7EJYyKTL7tFR8+gDbB6Wwz/arpGa0Mywk1TJbNzKzHtzbwVmY4HR9WqS5VV7dsBUKQmPNr192jHr/VpBluj/hg=="
    },
    "bobril": {
      "version": "8.21.0",
      "resolved": "https://registry.npmjs.org/bobril/-/bobril-8.21.0.tgz",
      "integrity": "sha512-mli2FZCd8PkA0F+v8kruuvof9t7VIYLiIO5XJNdKAyGO5gMw3tAjhKzYj71CN8YPhMySWh4TOObBXin0npChmQ=="
    },
    "bobrilstrap": {
      "version": "3.2.2",
      "resolved": "https://registry.npmjs.org/bobrilstrap/-/bobrilstrap-3.2.2.tgz",
      "integrity": "sha512-YsgGfpSmwbFIShQ90mtHRMSiYXXIcSH2Go/h0y7qNED4a3EZuG2gF0hCxwOTs2eZkTTxFFyZBoOQ1sYuhqiEfA==",
      "requires": {
        "@types/bootstrap": "^3.3.35",
        "@types/bootstrap-3-typeahead": "^4.0.1",
        "@types/jquery": "^3.3.29",
        "bobril": "^13.1.1",
        "bootstrap": "^3.4.0",
        "bootstrap-3-typeahead": "^4.0.2",
        "jquery": "^3.3.1"
      },
      "dependencies": {
        "bobril": {
          "version": "13.1.2",
          "resolved": "https://registry.npmjs.org/bobril/-/bobril-13.1.2.tgz",
          "integrity": "sha512-CA3Uyk1FWFLxMD1dGS8OJYgA8ARdolg4VDjw2/jc70AtHR0n8D8hqL/4tvkJnUHiaQySnd2JORD/c5speK8LIQ=="
        }
      }
    },
    "bootstrap": {
      "version": "3.4.1",
      "resolved": "https://registry.npmjs.org/bootstrap/-/bootstrap-3.4.1.tgz",
      "integrity": "sha512-yN5oZVmRCwe5aKwzRj6736nSmKDX7pLYwsXiCj/EYmo16hODaBiT4En5btW/jhBF/seV+XMx3aYwukYC3A49DA=="
    },
    "bootstrap-3-typeahead": {
      "version": "4.0.2",
      "resolved": "https://registry.npmjs.org/bootstrap-3-typeahead/-/bootstrap-3-typeahead-4.0.2.tgz",
      "integrity": "sha1-yxyWkESFaGIJb8jHHMIbOsu1BBI="
    },
    "jquery": {
      "version": "3.4.1",
      "resolved": "https://registry.npmjs.org/jquery/-/jquery-3.4.1.tgz",
      "integrity": "sha512-36+AdBzCL+y6qjw5Tx7HgzeGCzC81MDDgaUP8ld2zhx58HdqXGoBd+tHdrBMiyjGQs0Hxs/MLZTu/eHNJJuWPw=="
    }
  }
}
