# THIS IS AN AUTOGENERATED FILE. DO NOT EDIT THIS FILE DIRECTLY.
# yarn lockfile v1


"@types/bootstrap-3-typeahead@^4.0.1":
  version "4.0.4"
  resolved "https://registry.yarnpkg.com/@types/bootstrap-3-typeahead/-/bootstrap-3-typeahead-4.0.4.tgz#d1224ea27a2132c6da3eac92dec09b01f1cd1f9a"
  integrity sha512-gq5tKxQ0IrXImaQajaZjLlE4MlVxRU1dQ3V1K5ILXqhTUoKCtLFxeYqd0ukUjL16aF7gLv1qTPiTNfbCytLKXg==
  dependencies:
    "@types/jquery" "*"

"@types/bootstrap@^3.3.35":
  version "3.4.0"
  resolved "https://registry.yarnpkg.com/@types/bootstrap/-/bootstrap-3.4.0.tgz#7e74a2421b3984ce53ab459e979a99a78dd802c6"
  integrity sha512-LS05hVAAsX86qbHg7W+ydwBlNHrVCoFw6wEP3/uW4eYmRXl08bWmPeN/+onM+8qZTFfDgUlG/OItJI8SW972oQ==
  dependencies:
    "@types/jquery" "*"

"@types/jquery@*", "@types/jquery@^3.3.36":
  version "3.5.6"
  resolved "https://registry.yarnpkg.com/@types/jquery/-/jquery-3.5.6.tgz#97ac8e36dccd8ad8ed3f3f3b48933614d9fd8cf0"
  integrity sha512-SmgCQRzGPId4MZQKDj9Hqc6kSXFNWZFHpELkyK8AQhf8Zr6HKfCzFv9ZC1Fv3FyQttJZOlap3qYb12h61iZAIg==
  dependencies:
    "@types/sizzle" "*"

"@types/sizzle@*":
  version "2.3.3"
  resolved "https://registry.yarnpkg.com/@types/sizzle/-/sizzle-2.3.3.tgz#ff5e2f1902969d305225a047c8a0fd5c915cebef"
  integrity sha512-JYM8x9EGF163bEyhdJBpR2QX1R5naCJHC8ucJylJ3w9/CVBaskdQ8WqBf8MmQrd1kRvp/a4TS8HJ+bxzR7ZJYQ==

bobril@*, bobril@17.11.0, bobril@^14.6.1:
  version "17.11.0"
  resolved "https://registry.yarnpkg.com/bobril/-/bobril-17.11.0.tgz#91b981313d081f99b113c63ca2e5a33ec2180407"
  integrity sha512-C8LpsbRB1tMpaZIw9txAdtEU53VEO/IMyZvrfiaIDJI9hE6cyk5ntCSIVPOA8L9vROraXCEBzL2oc37WIlUHkA==

bobrilstrap@^3.0.2:
  version "3.4.4"
  resolved "https://registry.yarnpkg.com/bobrilstrap/-/bobrilstrap-3.4.4.tgz#a2e6192fa88fb8acb762381fbc8a5e7498cb7bcb"
  integrity sha512-3gr4ZgtYhWmOX5PHfH5XK/t8DVm0w1RmFhkby0GpyXMG8gmjJ9Y6870PHmsR9ADLBNZZjwxVDVpUgmGA9IME0A==
  dependencies:
    "@types/bootstrap" "^3.3.35"
    "@types/bootstrap-3-typeahead" "^4.0.1"
    "@types/jquery" "^3.3.36"
    bobril "^14.6.1"
    bootstrap "^3.4.0"
    bootstrap-3-typeahead "^4.0.2"
    jquery "^3.5.0"

bootstrap-3-typeahead@^4.0.2:
  version "4.0.2"
  resolved "https://registry.yarnpkg.com/bootstrap-3-typeahead/-/bootstrap-3-typeahead-4.0.2.tgz#cb1c969044856862096fc8c71cc21b3acbb50412"
  integrity sha1-yxyWkESFaGIJb8jHHMIbOsu1BBI=

bootstrap@^3.4.0:
  version "3.4.1"
  resolved "https://registry.yarnpkg.com/bootstrap/-/bootstrap-3.4.1.tgz#c3a347d419e289ad11f4033e3c4132b87c081d72"
  integrity sha512-yN5oZVmRCwe5aKwzRj6736nSmKDX7pLYwsXiCj/EYmo16hODaBiT4En5btW/jhBF/seV+XMx3aYwukYC3A49DA==

jquery@^3.5.0:
  version "3.6.0"
  resolved "https://registry.yarnpkg.com/jquery/-/jquery-3.6.0.tgz#c72a09f15c1bdce142f49dbf1170bdf8adac2470"
  integrity sha512-JVzAR/AjBvVt2BmYhxRCSYysDsPcssdmTFnzyLEts9qNwmjmu4JTAMYubEfwVOSwpQ1I1sKKFcxhZCI2buerfw==
