# THIS IS AN AUTOGENERATED FILE. DO NOT EDIT THIS FILE DIRECTLY.
# yarn lockfile v1


"@types/bootstrap-3-typeahead@^4.0.1":
  version "4.0.1"
  resolved "https://registry.yarnpkg.com/@types/bootstrap-3-typeahead/-/bootstrap-3-typeahead-4.0.1.tgz#2b45e196631095f9b8a4afde606dd8c12cf9e77f"
  integrity sha512-1TFxHxZEABxfJJQzgKLKpgcmd2KXKATv83WP7XwjQdWk0lXTXYcnWyYt7j7tQ1GrEZ0smUf7O3bQVSiRiRE+Xw==
  dependencies:
    "@types/jquery" "*"

"@types/bootstrap@^3.3.35":
  version "3.4.0"
  resolved "https://registry.yarnpkg.com/@types/bootstrap/-/bootstrap-3.4.0.tgz#7e74a2421b3984ce53ab459e979a99a78dd802c6"
  integrity sha512-LS05hVAAsX86qbHg7W+ydwBlNHrVCoFw6wEP3/uW4eYmRXl08bWmPeN/+onM+8qZTFfDgUlG/OItJI8SW972oQ==
  dependencies:
    "@types/jquery" "*"

"@types/jquery@*", "@types/jquery@^3.3.29":
  version "3.3.32"
  resolved "https://registry.yarnpkg.com/@types/jquery/-/jquery-3.3.32.tgz#93e27fdc45dd38ee07f2f0acf34b59c1ccee036f"
  integrity sha512-UKoof2mnV/X1/Ix2g+V2Ny5sgHjV8nK/UJbiYxuo4zPwzGyFlZ/mp4KaePb2VqQrqJctmcDQNA57buU84/2uIw==
  dependencies:
    "@types/sizzle" "*"

"@types/sizzle@*":
  version "2.3.2"
  resolved "https://registry.yarnpkg.com/@types/sizzle/-/sizzle-2.3.2.tgz#a811b8c18e2babab7d542b3365887ae2e4d9de47"
  integrity sha512-7EJYyKTL7tFR8+gDbB6Wwz/arpGa0Mywk1TJbNzKzHtzbwVmY4HR9WqS5VV7dsBUKQmPNr192jHr/VpBluj/hg==

bobril@^14.0.1:
  version "14.0.1"
  resolved "https://registry.yarnpkg.com/bobril/-/bobril-14.0.1.tgz#06e242557a8da3aaae192fe3c2bfb86f49534921"
  integrity sha512-BYWJHmI5eMdvvbMhvEO/hd9Qfd6WFgwJjs3QSWP7UDkNszNqhvqwctRQQTx6j/Zh1x/gWRPeIWPcR6jxmOsW+w==

bobril@^8.17.0:
  version "8.21.0"
  resolved "https://registry.yarnpkg.com/bobril/-/bobril-8.21.0.tgz#8feb9a19af5f94a872147a0ddfa154c2a453ca81"
  integrity sha512-mli2FZCd8PkA0F+v8kruuvof9t7VIYLiIO5XJNdKAyGO5gMw3tAjhKzYj71CN8YPhMySWh4TOObBXin0npChmQ==

bobrilstrap@^3.0.2:
  version "3.3.0"
  resolved "https://registry.yarnpkg.com/bobrilstrap/-/bobrilstrap-3.3.0.tgz#fd4b74befce5bbe17c52ffb94fa2612621493b3d"
  integrity sha512-6mjRDy327TshoXe3iu6+FbLM2UynsJLSEXnrYwkC1LkI7bnGDzkS3fwQ3L9h6gI3QxbaiHsyfMftaX5h7QDvag==
  dependencies:
    "@types/bootstrap" "^3.3.35"
    "@types/bootstrap-3-typeahead" "^4.0.1"
    "@types/jquery" "^3.3.29"
    bobril "^14.0.1"
    bootstrap "^3.4.0"
    bootstrap-3-typeahead "^4.0.2"
    jquery "^3.3.1"

bootstrap-3-typeahead@^4.0.2:
  version "4.0.2"
  resolved "https://registry.yarnpkg.com/bootstrap-3-typeahead/-/bootstrap-3-typeahead-4.0.2.tgz#cb1c969044856862096fc8c71cc21b3acbb50412"
  integrity sha1-yxyWkESFaGIJb8jHHMIbOsu1BBI=

bootstrap@^3.4.0:
  version "3.4.1"
  resolved "https://registry.yarnpkg.com/bootstrap/-/bootstrap-3.4.1.tgz#c3a347d419e289ad11f4033e3c4132b87c081d72"
  integrity sha512-yN5oZVmRCwe5aKwzRj6736nSmKDX7pLYwsXiCj/EYmo16hODaBiT4En5btW/jhBF/seV+XMx3aYwukYC3A49DA==

jquery@^3.3.1:
  version "3.4.1"
  resolved "https://registry.yarnpkg.com/jquery/-/jquery-3.4.1.tgz#714f1f8d9dde4bdfa55764ba37ef214630d80ef2"
  integrity sha512-36+AdBzCL+y6qjw5Tx7HgzeGCzC81MDDgaUP8ld2zhx58HdqXGoBd+tHdrBMiyjGQs0Hxs/MLZTu/eHNJJuWPw==
