# THIS IS AN AUTOGENERATED FILE. DO NOT EDIT THIS FILE DIRECTLY.
# yarn lockfile v1


bobril@^10.1.2:
  version "10.1.2"
  resolved "https://registry.yarnpkg.com/bobril/-/bobril-10.1.2.tgz#60b1f49e30996e22d9db93138eb95d7b6f7c86fb"
  integrity sha512-8WE6lUWeROwS00zHh1dAWj5eoCtr/6rwyvYNynrS0oJ0hxaBmd5d4xP4c6eHGly3opfOxTH22WegwY5yV/84dQ==

monaco-editor@^0.16.2:
  version "0.16.2"
  resolved "https://registry.yarnpkg.com/monaco-editor/-/monaco-editor-0.16.2.tgz#950084ed82eeaef1c8c9d3c1bcab849fe11b2415"
  integrity sha512-NtGrFzf54jADe7qsWh3lazhS7Kj0XHkJUGBq9fA/Jbwc+sgVcyfsYF6z2AQ7hPqDC+JmdOt/OwFjBnRwqXtx6w==
