# THIS IS AN AUTOGENERATED FILE. DO NOT EDIT THIS FILE DIRECTLY.
# yarn lockfile v1


bobril-g11n@*:
  version "4.4.1"
  resolved "https://registry.yarnpkg.com/bobril-g11n/-/bobril-g11n-4.4.1.tgz#4b43684a13cd8f8b1707a4bede837ec6bc82c939"
  integrity sha512-XmqpVX1mCBgAvBnQuRFInoiOJSqEcwRybUwA/lEhoMMbMr16uW0C6NXOiyy5OCy6MBMI0NEtbqc05r4zjKegiQ==
  dependencies:
    moment "^2.10.6"

bobril@*:
  version "11.3.1"
  resolved "https://registry.yarnpkg.com/bobril/-/bobril-11.3.1.tgz#30914d33955986e9495ac1fd077e2bcc55e3bf22"
  integrity sha512-y4oSmozOP1qwn7KUmQtRZH394k0XNKD6vOnCueL5k+PQrJPuhOAUK3bOZqJslXCZp3lK9N3wxJ3v1TcLU6r5jQ==

moment@^2.10.6:
  version "2.24.0"
  resolved "https://registry.yarnpkg.com/moment/-/moment-2.24.0.tgz#0d055d53f5052aa653c9f6eb68bb5d12bf5c2b5b"
  integrity sha512-bV7f+6l2QigeBBZSM/6yTNq4P2fNpSWj/0e7jQcy87A8e7o2nAfP/34/2ky5Vw4B9S446EtIhodAzkFCcR4dQg==

typescript@*:
  version "3.5.2"
  resolved "https://registry.yarnpkg.com/typescript/-/typescript-3.5.2.tgz#a09e1dc69bc9551cadf17dba10ee42cf55e5d56c"
  integrity sha512-7KxJovlYhTX5RaRbUdkAXN1KUZ8PwWlTzQdHV6xNqvuFOs7+WBo10TQUqT19Q/Jz2hk5v9TQDIhyLhhJY4p5AA==
