# THIS IS AN AUTOGENERATED FILE. DO NOT EDIT THIS FILE DIRECTLY.
# yarn lockfile v1


bobril-g11n@*:
  version "5.0.4"
  resolved "https://registry.yarnpkg.com/bobril-g11n/-/bobril-g11n-5.0.4.tgz#4ed9789a67a2453927dfd268b3239d93fb22afce"
  integrity sha512-y8Fw7Y4dNCHCtvapKmEPmgq1/owyeXHQecdk1TyV0tOOYjYLPdGGKBMvqAaq0TJ/i3pfB9xh1YlvGALJ/zl1GQ==
  dependencies:
    bobril "*"
    moment "^2.10.6"

bobril@*:
  version "19.0.0"
  resolved "https://registry.yarnpkg.com/bobril/-/bobril-19.0.0.tgz#45ae64f17ad0bbddc607db1c24df59d619d532b8"
  integrity sha512-9EaX6W6UQ95O7DpamjYqQTVIYuksfIq7VitcSBNfUJNJVgklL6n1QWL85nFZKTEOTtB/4D9DopgLyCnEH1bcHg==

moment@^2.10.6:
  version "2.29.2"
  resolved "https://registry.yarnpkg.com/moment/-/moment-2.29.2.tgz#00910c60b20843bcba52d37d58c628b47b1f20e4"
  integrity sha512-UgzG4rvxYpN15jgCmVJwac49h9ly9NurikMWGPdVxm8GZD6XjkKPxDTjQQ43gtGgnV3X0cAyWDdP2Wexoquifg==

typescript@*:
  version "4.6.2"
  resolved "https://registry.yarnpkg.com/typescript/-/typescript-4.6.2.tgz#fe12d2727b708f4eef40f51598b3398baa9611d4"
  integrity sha512-HM/hFigTBHZhLXshn9sN37H085+hQGeJHJ/X7LpBWLID/fbc2acUMfU+lGD98X81sKP+pFa9f0DZmCwB9GnbAg==
