# THIS IS AN AUTOGENERATED FILE. DO NOT EDIT THIS FILE DIRECTLY.
# yarn lockfile v1


bobril-g11n@^4.2.0:
  version "4.2.0"
  resolved "https://registry.yarnpkg.com/bobril-g11n/-/bobril-g11n-4.2.0.tgz#a0e70dea158a10b4e716a9a8c4ebb445974ab70c"
  dependencies:
    moment "^2.10.6"

bobril@^8.6.1:
  version "8.6.1"
  resolved "https://registry.yarnpkg.com/bobril/-/bobril-8.6.1.tgz#01dfd75e1ef50233c33cd6e5ccfc7bc65a54454e"

moment@^2.10.6:
  version "2.22.0"
  resolved "https://registry.yarnpkg.com/moment/-/moment-2.22.0.tgz#7921ade01017dd45186e7fee5f424f0b8663a730"
