# THIS IS AN AUTOGENERATED FILE. DO NOT EDIT THIS FILE DIRECTLY.
# yarn lockfile v1


bobril-g11n@*:
  version "5.0.0"
  resolved "https://registry.yarnpkg.com/bobril-g11n/-/bobril-g11n-5.0.0.tgz#4d4341fda018138caedb4611ecf9f27a7c7b7a40"
  integrity sha512-zuQOeZLSz0+ZeTw+daj3T41zVnVkXnlDyR6shKiFL/5wZrU+2CE9Du9QoAHHyIniVF4AompfGldbcs0XVneqHQ==
  dependencies:
    bobril "*"
    moment "^2.10.6"

bobril@*:
  version "14.0.1"
  resolved "https://registry.yarnpkg.com/bobril/-/bobril-14.0.1.tgz#06e242557a8da3aaae192fe3c2bfb86f49534921"
  integrity sha512-BYWJHmI5eMdvvbMhvEO/hd9Qfd6WFgwJjs3QSWP7UDkNszNqhvqwctRQQTx6j/Zh1x/gWRPeIWPcR6jxmOsW+w==

moment@^2.10.6:
  version "2.24.0"
  resolved "https://registry.yarnpkg.com/moment/-/moment-2.24.0.tgz#0d055d53f5052aa653c9f6eb68bb5d12bf5c2b5b"
  integrity sha512-bV7f+6l2QigeBBZSM/6yTNq4P2fNpSWj/0e7jQcy87A8e7o2nAfP/34/2ky5Vw4B9S446EtIhodAzkFCcR4dQg==
