# THIS IS AN AUTOGENERATED FILE. DO NOT EDIT THIS FILE DIRECTLY.
# yarn lockfile v1


bobril@*:
  version "21.5.0"
  resolved "https://registry.yarnpkg.com/bobril/-/bobril-21.5.0.tgz#6b61e7b9f69fc4f9213f633e5154b47feb497fff"
  integrity sha512-0scaMi7Q5XpT1IArrtn2ALLh+iVWVFq3iS/rGddSSz8SHZpBitfwsCz/EDfuIPv5lVkJXYDgkVQjeowDKDoRQA==
