# THIS IS AN AUTOGENERATED FILE. DO NOT EDIT THIS FILE DIRECTLY.
# yarn lockfile v1


bb-tslint-plugin@^1.1.1:
  version "1.1.1"
  resolved "https://registry.yarnpkg.com/bb-tslint-plugin/-/bb-tslint-plugin-1.1.1.tgz#a96fac90c6b850fcf8766f738a38810809b6ce88"
  dependencies:
    commander "^2.9.0"

commander@^2.9.0:
  version "2.15.1"
  resolved "https://registry.yarnpkg.com/commander/-/commander-2.15.1.tgz#df46e867d0fc2aec66a34662b406a9ccafff5b0f"
